
Microsoft Visual Studio Solution File, Format Version 12.00
# Visual Studio Version 16
VisualStudioVersion = 16.0.30413.136
MinimumVisualStudioVersion = 10.0.40219.1
Project("{9A19103F-16F7-4668-BE54-9A1E7A4F7556}") = "C1_WriteLine", "C1_WriteLine\C1_WriteLine.csproj", "{A887DD63-66EA-4E76-9641-4C4CFDFFB279}"
EndProject
Project("{9A19103F-16F7-4668-BE54-9A1E7A4F7556}") = "C2_ReadLine", "C2_ReadLine\C2_ReadLine.csproj", "{9A66087C-0257-46C5-AB0A-DB18C233136A}"
EndProject
Project("{9A19103F-16F7-4668-BE54-9A1E7A4F7556}") = "C3_WithAClass", "C3_WithAClass\C3_WithAClass.csproj", "{574673C9-A908-4740-8363-A608AF0A8C6C}"
EndProject
Project("{9A19103F-16F7-4668-BE54-9A1E7A4F7556}") = "C4_WithMethods", "C4_WithMethods\C4_WithMethods.csproj", "{64E57787-4018-42EC-A8A9-FE1CB4D9C9FC}"
EndProject
Project("{9A19103F-16F7-4668-BE54-9A1E7A4F7556}") = "C5_WithAgeCalculation", "C5_WithAgeCalculation\C5_WithAgeCalculation.csproj", "{3D27EC40-244D-4EE6-88BF-9B45B1969230}"
EndProject
Project("{9A19103F-16F7-4668-BE54-9A1E7A4F7556}") = "C6_GettersAndSetters", "C6_GettersAndSetters\C6_GettersAndSetters.csproj", "{F156AE68-BDE7-48A6-83F6-7965B3FECCB3}"
EndProject
Project("{9A19103F-16F7-4668-BE54-9A1E7A4F7556}") = "C7GettersandSettersV2", "C7GettersandSettersV2\C7GettersandSettersV2.csproj", "{7C3F3947-36D7-4F25-8EF7-8C9ED7AB35A2}"
EndProject
Project("{9A19103F-16F7-4668-BE54-9A1E7A4F7556}") = "C8_Arrays", "C8_Arrays\C8_Arrays.csproj", "{3CC4D464-F1D7-4A53-8411-3959974092DF}"
EndProject
Project("{9A19103F-16F7-4668-BE54-9A1E7A4F7556}") = "C9_Lists", "C9_Lists\C9_Lists.csproj", "{356DA574-A8DF-42A5-BD95-75E9D3B04637}"
EndProject
Project("{FAE04EC0-301F-11D3-BF4B-00C04F79EFBC}") = "C10_Struct", "C10_Struct\C10_Struct.csproj", "{232D6E1D-9B62-4131-A068-124ADF7EA822}"
EndProject
Project("{FAE04EC0-301F-11D3-BF4B-00C04F79EFBC}") = "C11_Enum", "C11_Enum\C11_Enum.csproj", "{D68180A6-B143-4B1D-BC0B-C7E24C24B94D}"
EndProject
Project("{FAE04EC0-301F-11D3-BF4B-00C04F79EFBC}") = "C12_Interfaces_1", "C12_Interfaces_1\C12_Interfaces_1.csproj", "{43781515-75B0-4178-B435-4566572F4F6D}"
EndProject
Project("{FAE04EC0-301F-11D3-BF4B-00C04F79EFBC}") = "C13_Interfaces_2", "C13_Interfaces_2\C13_Interfaces_2.csproj", "{2FBD02B0-F3B1-4958-9993-0AF504FF7C9C}"
EndProject
Project("{FAE04EC0-301F-11D3-BF4B-00C04F79EFBC}") = "C14_Abstract_1", "C14_Abstract_1\C14_Abstract_1.csproj", "{27751C6B-1540-4855-AE38-E7A7C6A10E47}"
EndProject
Project("{FAE04EC0-301F-11D3-BF4B-00C04F79EFBC}") = "C15_Abstract2", "C15_Abstract2\C15_Abstract2.csproj", "{609F0426-D74A-4841-BC97-137D334F2B04}"
EndProject
Project("{FAE04EC0-301F-11D3-BF4B-00C04F79EFBC}") = "UWP1_AsyncAwait", "UWP1_AsyncAwait\UWP1_AsyncAwait.csproj", "{81F98364-2B46-4CAB-B622-3FB51A212D9A}"
EndProject
Global
	GlobalSection(SolutionConfigurationPlatforms) = preSolution
		Debug|Any CPU = Debug|Any CPU
		Debug|ARM = Debug|ARM
		Debug|ARM64 = Debug|ARM64
		Debug|x64 = Debug|x64
		Debug|x86 = Debug|x86
		Release|Any CPU = Release|Any CPU
		Release|ARM = Release|ARM
		Release|ARM64 = Release|ARM64
		Release|x64 = Release|x64
		Release|x86 = Release|x86
	EndGlobalSection
	GlobalSection(ProjectConfigurationPlatforms) = postSolution
		{A887DD63-66EA-4E76-9641-4C4CFDFFB279}.Debug|Any CPU.ActiveCfg = Debug|Any CPU
		{A887DD63-66EA-4E76-9641-4C4CFDFFB279}.Debug|Any CPU.Build.0 = Debug|Any CPU
		{A887DD63-66EA-4E76-9641-4C4CFDFFB279}.Debug|ARM.ActiveCfg = Debug|Any CPU
		{A887DD63-66EA-4E76-9641-4C4CFDFFB279}.Debug|ARM.Build.0 = Debug|Any CPU
		{A887DD63-66EA-4E76-9641-4C4CFDFFB279}.Debug|ARM64.ActiveCfg = Debug|Any CPU
		{A887DD63-66EA-4E76-9641-4C4CFDFFB279}.Debug|ARM64.Build.0 = Debug|Any CPU
		{A887DD63-66EA-4E76-9641-4C4CFDFFB279}.Debug|x64.ActiveCfg = Debug|Any CPU
		{A887DD63-66EA-4E76-9641-4C4CFDFFB279}.Debug|x64.Build.0 = Debug|Any CPU
		{A887DD63-66EA-4E76-9641-4C4CFDFFB279}.Debug|x86.ActiveCfg = Debug|Any CPU
		{A887DD63-66EA-4E76-9641-4C4CFDFFB279}.Debug|x86.Build.0 = Debug|Any CPU
		{A887DD63-66EA-4E76-9641-4C4CFDFFB279}.Release|Any CPU.ActiveCfg = Release|Any CPU
		{A887DD63-66EA-4E76-9641-4C4CFDFFB279}.Release|Any CPU.Build.0 = Release|Any CPU
		{A887DD63-66EA-4E76-9641-4C4CFDFFB279}.Release|ARM.ActiveCfg = Release|Any CPU
		{A887DD63-66EA-4E76-9641-4C4CFDFFB279}.Release|ARM.Build.0 = Release|Any CPU
		{A887DD63-66EA-4E76-9641-4C4CFDFFB279}.Release|ARM64.ActiveCfg = Release|Any CPU
		{A887DD63-66EA-4E76-9641-4C4CFDFFB279}.Release|ARM64.Build.0 = Release|Any CPU
		{A887DD63-66EA-4E76-9641-4C4CFDFFB279}.Release|x64.ActiveCfg = Release|Any CPU
		{A887DD63-66EA-4E76-9641-4C4CFDFFB279}.Release|x64.Build.0 = Release|Any CPU
		{A887DD63-66EA-4E76-9641-4C4CFDFFB279}.Release|x86.ActiveCfg = Release|Any CPU
		{A887DD63-66EA-4E76-9641-4C4CFDFFB279}.Release|x86.Build.0 = Release|Any CPU
		{9A66087C-0257-46C5-AB0A-DB18C233136A}.Debug|Any CPU.ActiveCfg = Debug|Any CPU
		{9A66087C-0257-46C5-AB0A-DB18C233136A}.Debug|Any CPU.Build.0 = Debug|Any CPU
		{9A66087C-0257-46C5-AB0A-DB18C233136A}.Debug|ARM.ActiveCfg = Debug|Any CPU
		{9A66087C-0257-46C5-AB0A-DB18C233136A}.Debug|ARM.Build.0 = Debug|Any CPU
		{9A66087C-0257-46C5-AB0A-DB18C233136A}.Debug|ARM64.ActiveCfg = Debug|Any CPU
		{9A66087C-0257-46C5-AB0A-DB18C233136A}.Debug|ARM64.Build.0 = Debug|Any CPU
		{9A66087C-0257-46C5-AB0A-DB18C233136A}.Debug|x64.ActiveCfg = Debug|Any CPU
		{9A66087C-0257-46C5-AB0A-DB18C233136A}.Debug|x64.Build.0 = Debug|Any CPU
		{9A66087C-0257-46C5-AB0A-DB18C233136A}.Debug|x86.ActiveCfg = Debug|Any CPU
		{9A66087C-0257-46C5-AB0A-DB18C233136A}.Debug|x86.Build.0 = Debug|Any CPU
		{9A66087C-0257-46C5-AB0A-DB18C233136A}.Release|Any CPU.ActiveCfg = Release|Any CPU
		{9A66087C-0257-46C5-AB0A-DB18C233136A}.Release|Any CPU.Build.0 = Release|Any CPU
		{9A66087C-0257-46C5-AB0A-DB18C233136A}.Release|ARM.ActiveCfg = Release|Any CPU
		{9A66087C-0257-46C5-AB0A-DB18C233136A}.Release|ARM.Build.0 = Release|Any CPU
		{9A66087C-0257-46C5-AB0A-DB18C233136A}.Release|ARM64.ActiveCfg = Release|Any CPU
		{9A66087C-0257-46C5-AB0A-DB18C233136A}.Release|ARM64.Build.0 = Release|Any CPU
		{9A66087C-0257-46C5-AB0A-DB18C233136A}.Release|x64.ActiveCfg = Release|Any CPU
		{9A66087C-0257-46C5-AB0A-DB18C233136A}.Release|x64.Build.0 = Release|Any CPU
		{9A66087C-0257-46C5-AB0A-DB18C233136A}.Release|x86.ActiveCfg = Release|Any CPU
		{9A66087C-0257-46C5-AB0A-DB18C233136A}.Release|x86.Build.0 = Release|Any CPU
		{574673C9-A908-4740-8363-A608AF0A8C6C}.Debug|Any CPU.ActiveCfg = Debug|Any CPU
		{574673C9-A908-4740-8363-A608AF0A8C6C}.Debug|Any CPU.Build.0 = Debug|Any CPU
		{574673C9-A908-4740-8363-A608AF0A8C6C}.Debug|ARM.ActiveCfg = Debug|Any CPU
		{574673C9-A908-4740-8363-A608AF0A8C6C}.Debug|ARM.Build.0 = Debug|Any CPU
		{574673C9-A908-4740-8363-A608AF0A8C6C}.Debug|ARM64.ActiveCfg = Debug|Any CPU
		{574673C9-A908-4740-8363-A608AF0A8C6C}.Debug|ARM64.Build.0 = Debug|Any CPU
		{574673C9-A908-4740-8363-A608AF0A8C6C}.Debug|x64.ActiveCfg = Debug|Any CPU
		{574673C9-A908-4740-8363-A608AF0A8C6C}.Debug|x64.Build.0 = Debug|Any CPU
		{574673C9-A908-4740-8363-A608AF0A8C6C}.Debug|x86.ActiveCfg = Debug|Any CPU
		{574673C9-A908-4740-8363-A608AF0A8C6C}.Debug|x86.Build.0 = Debug|Any CPU
		{574673C9-A908-4740-8363-A608AF0A8C6C}.Release|Any CPU.ActiveCfg = Release|Any CPU
		{574673C9-A908-4740-8363-A608AF0A8C6C}.Release|Any CPU.Build.0 = Release|Any CPU
		{574673C9-A908-4740-8363-A608AF0A8C6C}.Release|ARM.ActiveCfg = Release|Any CPU
		{574673C9-A908-4740-8363-A608AF0A8C6C}.Release|ARM.Build.0 = Release|Any CPU
		{574673C9-A908-4740-8363-A608AF0A8C6C}.Release|ARM64.ActiveCfg = Release|Any CPU
		{574673C9-A908-4740-8363-A608AF0A8C6C}.Release|ARM64.Build.0 = Release|Any CPU
		{574673C9-A908-4740-8363-A608AF0A8C6C}.Release|x64.ActiveCfg = Release|Any CPU
		{574673C9-A908-4740-8363-A608AF0A8C6C}.Release|x64.Build.0 = Release|Any CPU
		{574673C9-A908-4740-8363-A608AF0A8C6C}.Release|x86.ActiveCfg = Release|Any CPU
		{574673C9-A908-4740-8363-A608AF0A8C6C}.Release|x86.Build.0 = Release|Any CPU
		{64E57787-4018-42EC-A8A9-FE1CB4D9C9FC}.Debug|Any CPU.ActiveCfg = Debug|Any CPU
		{64E57787-4018-42EC-A8A9-FE1CB4D9C9FC}.Debug|Any CPU.Build.0 = Debug|Any CPU
		{64E57787-4018-42EC-A8A9-FE1CB4D9C9FC}.Debug|ARM.ActiveCfg = Debug|Any CPU
		{64E57787-4018-42EC-A8A9-FE1CB4D9C9FC}.Debug|ARM.Build.0 = Debug|Any CPU
		{64E57787-4018-42EC-A8A9-FE1CB4D9C9FC}.Debug|ARM64.ActiveCfg = Debug|Any CPU
		{64E57787-4018-42EC-A8A9-FE1CB4D9C9FC}.Debug|ARM64.Build.0 = Debug|Any CPU
		{64E57787-4018-42EC-A8A9-FE1CB4D9C9FC}.Debug|x64.ActiveCfg = Debug|Any CPU
		{64E57787-4018-42EC-A8A9-FE1CB4D9C9FC}.Debug|x64.Build.0 = Debug|Any CPU
		{64E57787-4018-42EC-A8A9-FE1CB4D9C9FC}.Debug|x86.ActiveCfg = Debug|Any CPU
		{64E57787-4018-42EC-A8A9-FE1CB4D9C9FC}.Debug|x86.Build.0 = Debug|Any CPU
		{64E57787-4018-42EC-A8A9-FE1CB4D9C9FC}.Release|Any CPU.ActiveCfg = Release|Any CPU
		{64E57787-4018-42EC-A8A9-FE1CB4D9C9FC}.Release|Any CPU.Build.0 = Release|Any CPU
		{64E57787-4018-42EC-A8A9-FE1CB4D9C9FC}.Release|ARM.ActiveCfg = Release|Any CPU
		{64E57787-4018-42EC-A8A9-FE1CB4D9C9FC}.Release|ARM.Build.0 = Release|Any CPU
		{64E57787-4018-42EC-A8A9-FE1CB4D9C9FC}.Release|ARM64.ActiveCfg = Release|Any CPU
		{64E57787-4018-42EC-A8A9-FE1CB4D9C9FC}.Release|ARM64.Build.0 = Release|Any CPU
		{64E57787-4018-42EC-A8A9-FE1CB4D9C9FC}.Release|x64.ActiveCfg = Release|Any CPU
		{64E57787-4018-42EC-A8A9-FE1CB4D9C9FC}.Release|x64.Build.0 = Release|Any CPU
		{64E57787-4018-42EC-A8A9-FE1CB4D9C9FC}.Release|x86.ActiveCfg = Release|Any CPU
		{64E57787-4018-42EC-A8A9-FE1CB4D9C9FC}.Release|x86.Build.0 = Release|Any CPU
		{3D27EC40-244D-4EE6-88BF-9B45B1969230}.Debug|Any CPU.ActiveCfg = Debug|Any CPU
		{3D27EC40-244D-4EE6-88BF-9B45B1969230}.Debug|Any CPU.Build.0 = Debug|Any CPU
		{3D27EC40-244D-4EE6-88BF-9B45B1969230}.Debug|ARM.ActiveCfg = Debug|Any CPU
		{3D27EC40-244D-4EE6-88BF-9B45B1969230}.Debug|ARM.Build.0 = Debug|Any CPU
		{3D27EC40-244D-4EE6-88BF-9B45B1969230}.Debug|ARM64.ActiveCfg = Debug|Any CPU
		{3D27EC40-244D-4EE6-88BF-9B45B1969230}.Debug|ARM64.Build.0 = Debug|Any CPU
		{3D27EC40-244D-4EE6-88BF-9B45B1969230}.Debug|x64.ActiveCfg = Debug|Any CPU
		{3D27EC40-244D-4EE6-88BF-9B45B1969230}.Debug|x64.Build.0 = Debug|Any CPU
		{3D27EC40-244D-4EE6-88BF-9B45B1969230}.Debug|x86.ActiveCfg = Debug|Any CPU
		{3D27EC40-244D-4EE6-88BF-9B45B1969230}.Debug|x86.Build.0 = Debug|Any CPU
		{3D27EC40-244D-4EE6-88BF-9B45B1969230}.Release|Any CPU.ActiveCfg = Release|Any CPU
		{3D27EC40-244D-4EE6-88BF-9B45B1969230}.Release|Any CPU.Build.0 = Release|Any CPU
		{3D27EC40-244D-4EE6-88BF-9B45B1969230}.Release|ARM.ActiveCfg = Release|Any CPU
		{3D27EC40-244D-4EE6-88BF-9B45B1969230}.Release|ARM.Build.0 = Release|Any CPU
		{3D27EC40-244D-4EE6-88BF-9B45B1969230}.Release|ARM64.ActiveCfg = Release|Any CPU
		{3D27EC40-244D-4EE6-88BF-9B45B1969230}.Release|ARM64.Build.0 = Release|Any CPU
		{3D27EC40-244D-4EE6-88BF-9B45B1969230}.Release|x64.ActiveCfg = Release|Any CPU
		{3D27EC40-244D-4EE6-88BF-9B45B1969230}.Release|x64.Build.0 = Release|Any CPU
		{3D27EC40-244D-4EE6-88BF-9B45B1969230}.Release|x86.ActiveCfg = Release|Any CPU
		{3D27EC40-244D-4EE6-88BF-9B45B1969230}.Release|x86.Build.0 = Release|Any CPU
		{F156AE68-BDE7-48A6-83F6-7965B3FECCB3}.Debug|Any CPU.ActiveCfg = Debug|Any CPU
		{F156AE68-BDE7-48A6-83F6-7965B3FECCB3}.Debug|Any CPU.Build.0 = Debug|Any CPU
		{F156AE68-BDE7-48A6-83F6-7965B3FECCB3}.Debug|ARM.ActiveCfg = Debug|Any CPU
		{F156AE68-BDE7-48A6-83F6-7965B3FECCB3}.Debug|ARM.Build.0 = Debug|Any CPU
		{F156AE68-BDE7-48A6-83F6-7965B3FECCB3}.Debug|ARM64.ActiveCfg = Debug|Any CPU
		{F156AE68-BDE7-48A6-83F6-7965B3FECCB3}.Debug|ARM64.Build.0 = Debug|Any CPU
		{F156AE68-BDE7-48A6-83F6-7965B3FECCB3}.Debug|x64.ActiveCfg = Debug|Any CPU
		{F156AE68-BDE7-48A6-83F6-7965B3FECCB3}.Debug|x64.Build.0 = Debug|Any CPU
		{F156AE68-BDE7-48A6-83F6-7965B3FECCB3}.Debug|x86.ActiveCfg = Debug|Any CPU
		{F156AE68-BDE7-48A6-83F6-7965B3FECCB3}.Debug|x86.Build.0 = Debug|Any CPU
		{F156AE68-BDE7-48A6-83F6-7965B3FECCB3}.Release|Any CPU.ActiveCfg = Release|Any CPU
		{F156AE68-BDE7-48A6-83F6-7965B3FECCB3}.Release|Any CPU.Build.0 = Release|Any CPU
		{F156AE68-BDE7-48A6-83F6-7965B3FECCB3}.Release|ARM.ActiveCfg = Release|Any CPU
		{F156AE68-BDE7-48A6-83F6-7965B3FECCB3}.Release|ARM.Build.0 = Release|Any CPU
		{F156AE68-BDE7-48A6-83F6-7965B3FECCB3}.Release|ARM64.ActiveCfg = Release|Any CPU
		{F156AE68-BDE7-48A6-83F6-7965B3FECCB3}.Release|ARM64.Build.0 = Release|Any CPU
		{F156AE68-BDE7-48A6-83F6-7965B3FECCB3}.Release|x64.ActiveCfg = Release|Any CPU
		{F156AE68-BDE7-48A6-83F6-7965B3FECCB3}.Release|x64.Build.0 = Release|Any CPU
		{F156AE68-BDE7-48A6-83F6-7965B3FECCB3}.Release|x86.ActiveCfg = Release|Any CPU
		{F156AE68-BDE7-48A6-83F6-7965B3FECCB3}.Release|x86.Build.0 = Release|Any CPU
		{7C3F3947-36D7-4F25-8EF7-8C9ED7AB35A2}.Debug|Any CPU.ActiveCfg = Debug|Any CPU
		{7C3F3947-36D7-4F25-8EF7-8C9ED7AB35A2}.Debug|Any CPU.Build.0 = Debug|Any CPU
		{7C3F3947-36D7-4F25-8EF7-8C9ED7AB35A2}.Debug|ARM.ActiveCfg = Debug|Any CPU
		{7C3F3947-36D7-4F25-8EF7-8C9ED7AB35A2}.Debug|ARM.Build.0 = Debug|Any CPU
		{7C3F3947-36D7-4F25-8EF7-8C9ED7AB35A2}.Debug|ARM64.ActiveCfg = Debug|Any CPU
		{7C3F3947-36D7-4F25-8EF7-8C9ED7AB35A2}.Debug|ARM64.Build.0 = Debug|Any CPU
		{7C3F3947-36D7-4F25-8EF7-8C9ED7AB35A2}.Debug|x64.ActiveCfg = Debug|Any CPU
		{7C3F3947-36D7-4F25-8EF7-8C9ED7AB35A2}.Debug|x64.Build.0 = Debug|Any CPU
		{7C3F3947-36D7-4F25-8EF7-8C9ED7AB35A2}.Debug|x86.ActiveCfg = Debug|Any CPU
		{7C3F3947-36D7-4F25-8EF7-8C9ED7AB35A2}.Debug|x86.Build.0 = Debug|Any CPU
		{7C3F3947-36D7-4F25-8EF7-8C9ED7AB35A2}.Release|Any CPU.ActiveCfg = Release|Any CPU
		{7C3F3947-36D7-4F25-8EF7-8C9ED7AB35A2}.Release|Any CPU.Build.0 = Release|Any CPU
		{7C3F3947-36D7-4F25-8EF7-8C9ED7AB35A2}.Release|ARM.ActiveCfg = Release|Any CPU
		{7C3F3947-36D7-4F25-8EF7-8C9ED7AB35A2}.Release|ARM.Build.0 = Release|Any CPU
		{7C3F3947-36D7-4F25-8EF7-8C9ED7AB35A2}.Release|ARM64.ActiveCfg = Release|Any CPU
		{7C3F3947-36D7-4F25-8EF7-8C9ED7AB35A2}.Release|ARM64.Build.0 = Release|Any CPU
		{7C3F3947-36D7-4F25-8EF7-8C9ED7AB35A2}.Release|x64.ActiveCfg = Release|Any CPU
		{7C3F3947-36D7-4F25-8EF7-8C9ED7AB35A2}.Release|x64.Build.0 = Release|Any CPU
		{7C3F3947-36D7-4F25-8EF7-8C9ED7AB35A2}.Release|x86.ActiveCfg = Release|Any CPU
		{7C3F3947-36D7-4F25-8EF7-8C9ED7AB35A2}.Release|x86.Build.0 = Release|Any CPU
		{3CC4D464-F1D7-4A53-8411-3959974092DF}.Debug|Any CPU.ActiveCfg = Debug|Any CPU
		{3CC4D464-F1D7-4A53-8411-3959974092DF}.Debug|Any CPU.Build.0 = Debug|Any CPU
		{3CC4D464-F1D7-4A53-8411-3959974092DF}.Debug|ARM.ActiveCfg = Debug|Any CPU
		{3CC4D464-F1D7-4A53-8411-3959974092DF}.Debug|ARM.Build.0 = Debug|Any CPU
		{3CC4D464-F1D7-4A53-8411-3959974092DF}.Debug|ARM64.ActiveCfg = Debug|Any CPU
		{3CC4D464-F1D7-4A53-8411-3959974092DF}.Debug|ARM64.Build.0 = Debug|Any CPU
		{3CC4D464-F1D7-4A53-8411-3959974092DF}.Debug|x64.ActiveCfg = Debug|Any CPU
		{3CC4D464-F1D7-4A53-8411-3959974092DF}.Debug|x64.Build.0 = Debug|Any CPU
		{3CC4D464-F1D7-4A53-8411-3959974092DF}.Debug|x86.ActiveCfg = Debug|Any CPU
		{3CC4D464-F1D7-4A53-8411-3959974092DF}.Debug|x86.Build.0 = Debug|Any CPU
		{3CC4D464-F1D7-4A53-8411-3959974092DF}.Release|Any CPU.ActiveCfg = Release|Any CPU
		{3CC4D464-F1D7-4A53-8411-3959974092DF}.Release|Any CPU.Build.0 = Release|Any CPU
		{3CC4D464-F1D7-4A53-8411-3959974092DF}.Release|ARM.ActiveCfg = Release|Any CPU
		{3CC4D464-F1D7-4A53-8411-3959974092DF}.Release|ARM.Build.0 = Release|Any CPU
		{3CC4D464-F1D7-4A53-8411-3959974092DF}.Release|ARM64.ActiveCfg = Release|Any CPU
		{3CC4D464-F1D7-4A53-8411-3959974092DF}.Release|ARM64.Build.0 = Release|Any CPU
		{3CC4D464-F1D7-4A53-8411-3959974092DF}.Release|x64.ActiveCfg = Release|Any CPU
		{3CC4D464-F1D7-4A53-8411-3959974092DF}.Release|x64.Build.0 = Release|Any CPU
		{3CC4D464-F1D7-4A53-8411-3959974092DF}.Release|x86.ActiveCfg = Release|Any CPU
		{3CC4D464-F1D7-4A53-8411-3959974092DF}.Release|x86.Build.0 = Release|Any CPU
		{356DA574-A8DF-42A5-BD95-75E9D3B04637}.Debug|Any CPU.ActiveCfg = Debug|Any CPU
		{356DA574-A8DF-42A5-BD95-75E9D3B04637}.Debug|Any CPU.Build.0 = Debug|Any CPU
		{356DA574-A8DF-42A5-BD95-75E9D3B04637}.Debug|ARM.ActiveCfg = Debug|Any CPU
		{356DA574-A8DF-42A5-BD95-75E9D3B04637}.Debug|ARM.Build.0 = Debug|Any CPU
		{356DA574-A8DF-42A5-BD95-75E9D3B04637}.Debug|ARM64.ActiveCfg = Debug|Any CPU
		{356DA574-A8DF-42A5-BD95-75E9D3B04637}.Debug|ARM64.Build.0 = Debug|Any CPU
		{356DA574-A8DF-42A5-BD95-75E9D3B04637}.Debug|x64.ActiveCfg = Debug|Any CPU
		{356DA574-A8DF-42A5-BD95-75E9D3B04637}.Debug|x64.Build.0 = Debug|Any CPU
		{356DA574-A8DF-42A5-BD95-75E9D3B04637}.Debug|x86.ActiveCfg = Debug|Any CPU
		{356DA574-A8DF-42A5-BD95-75E9D3B04637}.Debug|x86.Build.0 = Debug|Any CPU
		{356DA574-A8DF-42A5-BD95-75E9D3B04637}.Release|Any CPU.ActiveCfg = Release|Any CPU
		{356DA574-A8DF-42A5-BD95-75E9D3B04637}.Release|Any CPU.Build.0 = Release|Any CPU
		{356DA574-A8DF-42A5-BD95-75E9D3B04637}.Release|ARM.ActiveCfg = Release|Any CPU
		{356DA574-A8DF-42A5-BD95-75E9D3B04637}.Release|ARM.Build.0 = Release|Any CPU
		{356DA574-A8DF-42A5-BD95-75E9D3B04637}.Release|ARM64.ActiveCfg = Release|Any CPU
		{356DA574-A8DF-42A5-BD95-75E9D3B04637}.Release|ARM64.Build.0 = Release|Any CPU
		{356DA574-A8DF-42A5-BD95-75E9D3B04637}.Release|x64.ActiveCfg = Release|Any CPU
		{356DA574-A8DF-42A5-BD95-75E9D3B04637}.Release|x64.Build.0 = Release|Any CPU
		{356DA574-A8DF-42A5-BD95-75E9D3B04637}.Release|x86.ActiveCfg = Release|Any CPU
		{356DA574-A8DF-42A5-BD95-75E9D3B04637}.Release|x86.Build.0 = Release|Any CPU
		{232D6E1D-9B62-4131-A068-124ADF7EA822}.Debug|Any CPU.ActiveCfg = Debug|Any CPU
		{232D6E1D-9B62-4131-A068-124ADF7EA822}.Debug|Any CPU.Build.0 = Debug|Any CPU
		{232D6E1D-9B62-4131-A068-124ADF7EA822}.Debug|ARM.ActiveCfg = Debug|Any CPU
		{232D6E1D-9B62-4131-A068-124ADF7EA822}.Debug|ARM.Build.0 = Debug|Any CPU
		{232D6E1D-9B62-4131-A068-124ADF7EA822}.Debug|ARM64.ActiveCfg = Debug|Any CPU
		{232D6E1D-9B62-4131-A068-124ADF7EA822}.Debug|ARM64.Build.0 = Debug|Any CPU
		{232D6E1D-9B62-4131-A068-124ADF7EA822}.Debug|x64.ActiveCfg = Debug|Any CPU
		{232D6E1D-9B62-4131-A068-124ADF7EA822}.Debug|x64.Build.0 = Debug|Any CPU
		{232D6E1D-9B62-4131-A068-124ADF7EA822}.Debug|x86.ActiveCfg = Debug|Any CPU
		{232D6E1D-9B62-4131-A068-124ADF7EA822}.Debug|x86.Build.0 = Debug|Any CPU
		{232D6E1D-9B62-4131-A068-124ADF7EA822}.Release|Any CPU.ActiveCfg = Release|Any CPU
		{232D6E1D-9B62-4131-A068-124ADF7EA822}.Release|Any CPU.Build.0 = Release|Any CPU
		{232D6E1D-9B62-4131-A068-124ADF7EA822}.Release|ARM.ActiveCfg = Release|Any CPU
		{232D6E1D-9B62-4131-A068-124ADF7EA822}.Release|ARM.Build.0 = Release|Any CPU
		{232D6E1D-9B62-4131-A068-124ADF7EA822}.Release|ARM64.ActiveCfg = Release|Any CPU
		{232D6E1D-9B62-4131-A068-124ADF7EA822}.Release|ARM64.Build.0 = Release|Any CPU
		{232D6E1D-9B62-4131-A068-124ADF7EA822}.Release|x64.ActiveCfg = Release|Any CPU
		{232D6E1D-9B62-4131-A068-124ADF7EA822}.Release|x64.Build.0 = Release|Any CPU
		{232D6E1D-9B62-4131-A068-124ADF7EA822}.Release|x86.ActiveCfg = Release|Any CPU
		{232D6E1D-9B62-4131-A068-124ADF7EA822}.Release|x86.Build.0 = Release|Any CPU
		{D68180A6-B143-4B1D-BC0B-C7E24C24B94D}.Debug|Any CPU.ActiveCfg = Debug|Any CPU
		{D68180A6-B143-4B1D-BC0B-C7E24C24B94D}.Debug|Any CPU.Build.0 = Debug|Any CPU
		{D68180A6-B143-4B1D-BC0B-C7E24C24B94D}.Debug|ARM.ActiveCfg = Debug|Any CPU
		{D68180A6-B143-4B1D-BC0B-C7E24C24B94D}.Debug|ARM.Build.0 = Debug|Any CPU
		{D68180A6-B143-4B1D-BC0B-C7E24C24B94D}.Debug|ARM64.ActiveCfg = Debug|Any CPU
		{D68180A6-B143-4B1D-BC0B-C7E24C24B94D}.Debug|ARM64.Build.0 = Debug|Any CPU
		{D68180A6-B143-4B1D-BC0B-C7E24C24B94D}.Debug|x64.ActiveCfg = Debug|Any CPU
		{D68180A6-B143-4B1D-BC0B-C7E24C24B94D}.Debug|x64.Build.0 = Debug|Any CPU
		{D68180A6-B143-4B1D-BC0B-C7E24C24B94D}.Debug|x86.ActiveCfg = Debug|Any CPU
		{D68180A6-B143-4B1D-BC0B-C7E24C24B94D}.Debug|x86.Build.0 = Debug|Any CPU
		{D68180A6-B143-4B1D-BC0B-C7E24C24B94D}.Release|Any CPU.ActiveCfg = Release|Any CPU
		{D68180A6-B143-4B1D-BC0B-C7E24C24B94D}.Release|Any CPU.Build.0 = Release|Any CPU
		{D68180A6-B143-4B1D-BC0B-C7E24C24B94D}.Release|ARM.ActiveCfg = Release|Any CPU
		{D68180A6-B143-4B1D-BC0B-C7E24C24B94D}.Release|ARM.Build.0 = Release|Any CPU
		{D68180A6-B143-4B1D-BC0B-C7E24C24B94D}.Release|ARM64.ActiveCfg = Release|Any CPU
		{D68180A6-B143-4B1D-BC0B-C7E24C24B94D}.Release|ARM64.Build.0 = Release|Any CPU
		{D68180A6-B143-4B1D-BC0B-C7E24C24B94D}.Release|x64.ActiveCfg = Release|Any CPU
		{D68180A6-B143-4B1D-BC0B-C7E24C24B94D}.Release|x64.Build.0 = Release|Any CPU
		{D68180A6-B143-4B1D-BC0B-C7E24C24B94D}.Release|x86.ActiveCfg = Release|Any CPU
		{D68180A6-B143-4B1D-BC0B-C7E24C24B94D}.Release|x86.Build.0 = Release|Any CPU
		{43781515-75B0-4178-B435-4566572F4F6D}.Debug|Any CPU.ActiveCfg = Debug|Any CPU
		{43781515-75B0-4178-B435-4566572F4F6D}.Debug|Any CPU.Build.0 = Debug|Any CPU
		{43781515-75B0-4178-B435-4566572F4F6D}.Debug|ARM.ActiveCfg = Debug|Any CPU
		{43781515-75B0-4178-B435-4566572F4F6D}.Debug|ARM.Build.0 = Debug|Any CPU
		{43781515-75B0-4178-B435-4566572F4F6D}.Debug|ARM64.ActiveCfg = Debug|Any CPU
		{43781515-75B0-4178-B435-4566572F4F6D}.Debug|ARM64.Build.0 = Debug|Any CPU
		{43781515-75B0-4178-B435-4566572F4F6D}.Debug|x64.ActiveCfg = Debug|Any CPU
		{43781515-75B0-4178-B435-4566572F4F6D}.Debug|x64.Build.0 = Debug|Any CPU
		{43781515-75B0-4178-B435-4566572F4F6D}.Debug|x86.ActiveCfg = Debug|Any CPU
		{43781515-75B0-4178-B435-4566572F4F6D}.Debug|x86.Build.0 = Debug|Any CPU
		{43781515-75B0-4178-B435-4566572F4F6D}.Release|Any CPU.ActiveCfg = Release|Any CPU
		{43781515-75B0-4178-B435-4566572F4F6D}.Release|Any CPU.Build.0 = Release|Any CPU
		{43781515-75B0-4178-B435-4566572F4F6D}.Release|ARM.ActiveCfg = Release|Any CPU
		{43781515-75B0-4178-B435-4566572F4F6D}.Release|ARM.Build.0 = Release|Any CPU
		{43781515-75B0-4178-B435-4566572F4F6D}.Release|ARM64.ActiveCfg = Release|Any CPU
		{43781515-75B0-4178-B435-4566572F4F6D}.Release|ARM64.Build.0 = Release|Any CPU
		{43781515-75B0-4178-B435-4566572F4F6D}.Release|x64.ActiveCfg = Release|Any CPU
		{43781515-75B0-4178-B435-4566572F4F6D}.Release|x64.Build.0 = Release|Any CPU
		{43781515-75B0-4178-B435-4566572F4F6D}.Release|x86.ActiveCfg = Release|Any CPU
		{43781515-75B0-4178-B435-4566572F4F6D}.Release|x86.Build.0 = Release|Any CPU
		{2FBD02B0-F3B1-4958-9993-0AF504FF7C9C}.Debug|Any CPU.ActiveCfg = Debug|Any CPU
		{2FBD02B0-F3B1-4958-9993-0AF504FF7C9C}.Debug|Any CPU.Build.0 = Debug|Any CPU
		{2FBD02B0-F3B1-4958-9993-0AF504FF7C9C}.Debug|ARM.ActiveCfg = Debug|Any CPU
		{2FBD02B0-F3B1-4958-9993-0AF504FF7C9C}.Debug|ARM.Build.0 = Debug|Any CPU
		{2FBD02B0-F3B1-4958-9993-0AF504FF7C9C}.Debug|ARM64.ActiveCfg = Debug|Any CPU
		{2FBD02B0-F3B1-4958-9993-0AF504FF7C9C}.Debug|ARM64.Build.0 = Debug|Any CPU
		{2FBD02B0-F3B1-4958-9993-0AF504FF7C9C}.Debug|x64.ActiveCfg = Debug|Any CPU
		{2FBD02B0-F3B1-4958-9993-0AF504FF7C9C}.Debug|x64.Build.0 = Debug|Any CPU
		{2FBD02B0-F3B1-4958-9993-0AF504FF7C9C}.Debug|x86.ActiveCfg = Debug|Any CPU
		{2FBD02B0-F3B1-4958-9993-0AF504FF7C9C}.Debug|x86.Build.0 = Debug|Any CPU
		{2FBD02B0-F3B1-4958-9993-0AF504FF7C9C}.Release|Any CPU.ActiveCfg = Release|Any CPU
		{2FBD02B0-F3B1-4958-9993-0AF504FF7C9C}.Release|Any CPU.Build.0 = Release|Any CPU
		{2FBD02B0-F3B1-4958-9993-0AF504FF7C9C}.Release|ARM.ActiveCfg = Release|Any CPU
		{2FBD02B0-F3B1-4958-9993-0AF504FF7C9C}.Release|ARM.Build.0 = Release|Any CPU
		{2FBD02B0-F3B1-4958-9993-0AF504FF7C9C}.Release|ARM64.ActiveCfg = Release|Any CPU
		{2FBD02B0-F3B1-4958-9993-0AF504FF7C9C}.Release|ARM64.Build.0 = Release|Any CPU
		{2FBD02B0-F3B1-4958-9993-0AF504FF7C9C}.Release|x64.ActiveCfg = Release|Any CPU
		{2FBD02B0-F3B1-4958-9993-0AF504FF7C9C}.Release|x64.Build.0 = Release|Any CPU
		{2FBD02B0-F3B1-4958-9993-0AF504FF7C9C}.Release|x86.ActiveCfg = Release|Any CPU
		{2FBD02B0-F3B1-4958-9993-0AF504FF7C9C}.Release|x86.Build.0 = Release|Any CPU
		{27751C6B-1540-4855-AE38-E7A7C6A10E47}.Debug|Any CPU.ActiveCfg = Debug|Any CPU
		{27751C6B-1540-4855-AE38-E7A7C6A10E47}.Debug|Any CPU.Build.0 = Debug|Any CPU
		{27751C6B-1540-4855-AE38-E7A7C6A10E47}.Debug|ARM.ActiveCfg = Debug|Any CPU
		{27751C6B-1540-4855-AE38-E7A7C6A10E47}.Debug|ARM.Build.0 = Debug|Any CPU
		{27751C6B-1540-4855-AE38-E7A7C6A10E47}.Debug|ARM64.ActiveCfg = Debug|Any CPU
		{27751C6B-1540-4855-AE38-E7A7C6A10E47}.Debug|ARM64.Build.0 = Debug|Any CPU
		{27751C6B-1540-4855-AE38-E7A7C6A10E47}.Debug|x64.ActiveCfg = Debug|Any CPU
		{27751C6B-1540-4855-AE38-E7A7C6A10E47}.Debug|x64.Build.0 = Debug|Any CPU
		{27751C6B-1540-4855-AE38-E7A7C6A10E47}.Debug|x86.ActiveCfg = Debug|Any CPU
		{27751C6B-1540-4855-AE38-E7A7C6A10E47}.Debug|x86.Build.0 = Debug|Any CPU
		{27751C6B-1540-4855-AE38-E7A7C6A10E47}.Release|Any CPU.ActiveCfg = Release|Any CPU
		{27751C6B-1540-4855-AE38-E7A7C6A10E47}.Release|Any CPU.Build.0 = Release|Any CPU
		{27751C6B-1540-4855-AE38-E7A7C6A10E47}.Release|ARM.ActiveCfg = Release|Any CPU
		{27751C6B-1540-4855-AE38-E7A7C6A10E47}.Release|ARM.Build.0 = Release|Any CPU
		{27751C6B-1540-4855-AE38-E7A7C6A10E47}.Release|ARM64.ActiveCfg = Release|Any CPU
		{27751C6B-1540-4855-AE38-E7A7C6A10E47}.Release|ARM64.Build.0 = Release|Any CPU
		{27751C6B-1540-4855-AE38-E7A7C6A10E47}.Release|x64.ActiveCfg = Release|Any CPU
		{27751C6B-1540-4855-AE38-E7A7C6A10E47}.Release|x64.Build.0 = Release|Any CPU
		{27751C6B-1540-4855-AE38-E7A7C6A10E47}.Release|x86.ActiveCfg = Release|Any CPU
		{27751C6B-1540-4855-AE38-E7A7C6A10E47}.Release|x86.Build.0 = Release|Any CPU
		{609F0426-D74A-4841-BC97-137D334F2B04}.Debug|Any CPU.ActiveCfg = Debug|Any CPU
		{609F0426-D74A-4841-BC97-137D334F2B04}.Debug|Any CPU.Build.0 = Debug|Any CPU
		{609F0426-D74A-4841-BC97-137D334F2B04}.Debug|ARM.ActiveCfg = Debug|Any CPU
		{609F0426-D74A-4841-BC97-137D334F2B04}.Debug|ARM.Build.0 = Debug|Any CPU
		{609F0426-D74A-4841-BC97-137D334F2B04}.Debug|ARM64.ActiveCfg = Debug|Any CPU
		{609F0426-D74A-4841-BC97-137D334F2B04}.Debug|ARM64.Build.0 = Debug|Any CPU
		{609F0426-D74A-4841-BC97-137D334F2B04}.Debug|x64.ActiveCfg = Debug|Any CPU
		{609F0426-D74A-4841-BC97-137D334F2B04}.Debug|x64.Build.0 = Debug|Any CPU
		{609F0426-D74A-4841-BC97-137D334F2B04}.Debug|x86.ActiveCfg = Debug|Any CPU
		{609F0426-D74A-4841-BC97-137D334F2B04}.Debug|x86.Build.0 = Debug|Any CPU
		{609F0426-D74A-4841-BC97-137D334F2B04}.Release|Any CPU.ActiveCfg = Release|Any CPU
		{609F0426-D74A-4841-BC97-137D334F2B04}.Release|Any CPU.Build.0 = Release|Any CPU
		{609F0426-D74A-4841-BC97-137D334F2B04}.Release|ARM.ActiveCfg = Release|Any CPU
		{609F0426-D74A-4841-BC97-137D334F2B04}.Release|ARM.Build.0 = Release|Any CPU
		{609F0426-D74A-4841-BC97-137D334F2B04}.Release|ARM64.ActiveCfg = Release|Any CPU
		{609F0426-D74A-4841-BC97-137D334F2B04}.Release|ARM64.Build.0 = Release|Any CPU
		{609F0426-D74A-4841-BC97-137D334F2B04}.Release|x64.ActiveCfg = Release|Any CPU
		{609F0426-D74A-4841-BC97-137D334F2B04}.Release|x64.Build.0 = Release|Any CPU
		{609F0426-D74A-4841-BC97-137D334F2B04}.Release|x86.ActiveCfg = Release|Any CPU
		{609F0426-D74A-4841-BC97-137D334F2B04}.Release|x86.Build.0 = Release|Any CPU
		{81F98364-2B46-4CAB-B622-3FB51A212D9A}.Debug|Any CPU.ActiveCfg = Debug|x86
		{81F98364-2B46-4CAB-B622-3FB51A212D9A}.Debug|ARM.ActiveCfg = Debug|ARM
		{81F98364-2B46-4CAB-B622-3FB51A212D9A}.Debug|ARM.Build.0 = Debug|ARM
		{81F98364-2B46-4CAB-B622-3FB51A212D9A}.Debug|ARM.Deploy.0 = Debug|ARM
		{81F98364-2B46-4CAB-B622-3FB51A212D9A}.Debug|ARM64.ActiveCfg = Debug|ARM64
		{81F98364-2B46-4CAB-B622-3FB51A212D9A}.Debug|ARM64.Build.0 = Debug|ARM64
		{81F98364-2B46-4CAB-B622-3FB51A212D9A}.Debug|ARM64.Deploy.0 = Debug|ARM64
		{81F98364-2B46-4CAB-B622-3FB51A212D9A}.Debug|x64.ActiveCfg = Debug|x64
		{81F98364-2B46-4CAB-B622-3FB51A212D9A}.Debug|x64.Build.0 = Debug|x64
		{81F98364-2B46-4CAB-B622-3FB51A212D9A}.Debug|x64.Deploy.0 = Debug|x64
		{81F98364-2B46-4CAB-B622-3FB51A212D9A}.Debug|x86.ActiveCfg = Debug|x86
		{81F98364-2B46-4CAB-B622-3FB51A212D9A}.Debug|x86.Build.0 = Debug|x86
		{81F98364-2B46-4CAB-B622-3FB51A212D9A}.Debug|x86.Deploy.0 = Debug|x86
		{81F98364-2B46-4CAB-B622-3FB51A212D9A}.Release|Any CPU.ActiveCfg = Release|x86
		{81F98364-2B46-4CAB-B622-3FB51A212D9A}.Release|ARM.ActiveCfg = Release|ARM
		{81F98364-2B46-4CAB-B622-3FB51A212D9A}.Release|ARM.Build.0 = Release|ARM
		{81F98364-2B46-4CAB-B622-3FB51A212D9A}.Release|ARM.Deploy.0 = Release|ARM
		{81F98364-2B46-4CAB-B622-3FB51A212D9A}.Release|ARM64.ActiveCfg = Release|ARM64
		{81F98364-2B46-4CAB-B622-3FB51A212D9A}.Release|ARM64.Build.0 = Release|ARM64
		{81F98364-2B46-4CAB-B622-3FB51A212D9A}.Release|ARM64.Deploy.0 = Release|ARM64
		{81F98364-2B46-4CAB-B622-3FB51A212D9A}.Release|x64.ActiveCfg = Release|x64
		{81F98364-2B46-4CAB-B622-3FB51A212D9A}.Release|x64.Build.0 = Release|x64
		{81F98364-2B46-4CAB-B622-3FB51A212D9A}.Release|x64.Deploy.0 = Release|x64
		{81F98364-2B46-4CAB-B622-3FB51A212D9A}.Release|x86.ActiveCfg = Release|x86
		{81F98364-2B46-4CAB-B622-3FB51A212D9A}.Release|x86.Build.0 = Release|x86
		{81F98364-2B46-4CAB-B622-3FB51A212D9A}.Release|x86.Deploy.0 = Release|x86
	EndGlobalSection
	GlobalSection(SolutionProperties) = preSolution
		HideSolutionNode = FALSE
	EndGlobalSection
	GlobalSection(ExtensibilityGlobals) = postSolution
		SolutionGuid = {9B6DF072-EEFA-43D4-B4E6-E2C69376038E}
	EndGlobalSection
EndGlobal
